
Microsoft Visual Studio Solution File, Format Version 12.00
# Visual Studio Version 16
VisualStudioVersion = 16.0.31112.23
MinimumVisualStudioVersion = 10.0.40219.1
Project("{FAE04EC0-301F-11D3-BF4B-00C04F79EFBC}") = "hhTrial", "hhTrial\hhTrial.csproj", "{352601AE-D6C3-40D7-9E40-B4F64061032A}"
EndProject
Project("{FAE04EC0-301F-11D3-BF4B-00C04F79EFBC}") = "hhTrial.Tests", "hhTrial.Tests\hhTrial.Tests.csproj", "{43F032B7-CEE9-45DD-91F0-E68D114962A2}"
EndProject
Global
	GlobalSection(SolutionConfigurationPlatforms) = preSolution
		Debug|Any CPU = Debug|Any CPU
		Release|Any CPU = Release|Any CPU
	EndGlobalSection
	GlobalSection(ProjectConfigurationPlatforms) = postSolution
		{352601AE-D6C3-40D7-9E40-B4F64061032A}.Debug|Any CPU.ActiveCfg = Debug|Any CPU
		{352601AE-D6C3-40D7-9E40-B4F64061032A}.Debug|Any CPU.Build.0 = Debug|Any CPU
		{352601AE-D6C3-40D7-9E40-B4F64061032A}.Release|Any CPU.ActiveCfg = Release|Any CPU
		{352601AE-D6C3-40D7-9E40-B4F64061032A}.Release|Any CPU.Build.0 = Release|Any CPU
		{43F032B7-CEE9-45DD-91F0-E68D114962A2}.Debug|Any CPU.ActiveCfg = Debug|Any CPU
		{43F032B7-CEE9-45DD-91F0-E68D114962A2}.Debug|Any CPU.Build.0 = Debug|Any CPU
		{43F032B7-CEE9-45DD-91F0-E68D114962A2}.Release|Any CPU.ActiveCfg = Release|Any CPU
		{43F032B7-CEE9-45DD-91F0-E68D114962A2}.Release|Any CPU.Build.0 = Release|Any CPU
	EndGlobalSection
	GlobalSection(SolutionProperties) = preSolution
		HideSolutionNode = FALSE
	EndGlobalSection
	GlobalSection(ExtensibilityGlobals) = postSolution
		SolutionGuid = {CD7C69B0-E6BC-4E9E-B421-9829A0E458E1}
	EndGlobalSection
EndGlobal
